
Microsoft Visual Studio Solution File, Format Version 12.00
# Visual Studio 15
VisualStudioVersion = 15.0.27130.2010
MinimumVisualStudioVersion = 10.0.40219.1
Project("{FAE04EC0-301F-11D3-BF4B-00C04F79EFBC}") = "Blockchain", "Blockchain\Blockchain.csproj", "{9294DD02-BB0B-4A59-AFFD-EC97E01E4BBA}"
EndProject
Global
	GlobalSection(SolutionConfigurationPlatforms) = preSolution
		Debug|Any CPU = Debug|Any CPU
		Release|Any CPU = Release|Any CPU
	EndGlobalSection
	GlobalSection(ProjectConfigurationPlatforms) = postSolution
		{9294DD02-BB0B-4A59-AFFD-EC97E01E4BBA}.Debug|Any CPU.ActiveCfg = Debug|Any CPU
		{9294DD02-BB0B-4A59-AFFD-EC97E01E4BBA}.Debug|Any CPU.Build.0 = Debug|Any CPU
		{9294DD02-BB0B-4A59-AFFD-EC97E01E4BBA}.Release|Any CPU.ActiveCfg = Release|Any CPU
		{9294DD02-BB0B-4A59-AFFD-EC97E01E4BBA}.Release|Any CPU.Build.0 = Release|Any CPU
	EndGlobalSection
	GlobalSection(SolutionProperties) = preSolution
		HideSolutionNode = FALSE
	EndGlobalSection
	GlobalSection(ExtensibilityGlobals) = postSolution
		SolutionGuid = {948A1069-A5E0-4C70-A82E-3ED612215713}
	EndGlobalSection
EndGlobal
